
Microsoft Visual Studio Solution File, Format Version 12.00
# Visual Studio 15
VisualStudioVersion = 15.0.28307.421
MinimumVisualStudioVersion = 10.0.40219.1
Project("{FAE04EC0-301F-11D3-BF4B-00C04F79EFBC}") = "TLTCBlog", "TLTCBlog\TLTCBlog.csproj", "{27F50A1C-C465-40EC-AEA9-3849E0C34974}"
EndProject
Global
	GlobalSection(SolutionConfigurationPlatforms) = preSolution
		Debug|Any CPU = Debug|Any CPU
		Release|Any CPU = Release|Any CPU
	EndGlobalSection
	GlobalSection(ProjectConfigurationPlatforms) = postSolution
		{27F50A1C-C465-40EC-AEA9-3849E0C34974}.Debug|Any CPU.ActiveCfg = Debug|Any CPU
		{27F50A1C-C465-40EC-AEA9-3849E0C34974}.Debug|Any CPU.Build.0 = Debug|Any CPU
		{27F50A1C-C465-40EC-AEA9-3849E0C34974}.Release|Any CPU.ActiveCfg = Release|Any CPU
		{27F50A1C-C465-40EC-AEA9-3849E0C34974}.Release|Any CPU.Build.0 = Release|Any CPU
	EndGlobalSection
	GlobalSection(SolutionProperties) = preSolution
		HideSolutionNode = FALSE
	EndGlobalSection
	GlobalSection(ExtensibilityGlobals) = postSolution
		SolutionGuid = {B33CDD6D-4C4A-48B2-8F46-7D5F883B41BC}
	EndGlobalSection
EndGlobal
